
Microsoft Visual Studio Solution File, Format Version 12.00
# Visual Studio Version 17
VisualStudioVersion = 17.11.35327.3
MinimumVisualStudioVersion = 10.0.40219.1
Project("{2150E333-8FDC-42A3-9474-1A3956D46DE8}") = "Services", "Services", "{5525B9FF-BEC7-448C-9E14-DE1429C03F23}"
EndProject
Project("{2150E333-8FDC-42A3-9474-1A3956D46DE8}") = "Sample", "Sample", "{28DA6C8E-4DFE-42B9-A2C9-9C8F89732050}"
EndProject
Project("{9A19103F-16F7-4668-BE54-9A1E7A4F7556}") = "Sample.API", "Services\Sample\Sample.API\Sample.API.csproj", "{C4E58A92-465C-4C89-A97F-FDDD277A1244}"
EndProject
Project("{2150E333-8FDC-42A3-9474-1A3956D46DE8}") = "Character", "Character", "{02EA681E-C7D8-13C7-8484-4AC65E1B71E8}"
EndProject
Project("{9A19103F-16F7-4668-BE54-9A1E7A4F7556}") = "Character.API", "Services\Character\Character.API\Character.API.csproj", "{3F56196E-50B9-4E97-ACD8-6BB30C8198F4}"
EndProject
Project("{2150E333-8FDC-42A3-9474-1A3956D46DE8}") = "Common", "Common", "{21BFED57-185D-4784-BA43-F43ADCECB64C}"
EndProject
Project("{9A19103F-16F7-4668-BE54-9A1E7A4F7556}") = "Common", "Common\Common\Common.csproj", "{C1F6BF4D-C701-4E4F-B221-6EF4687136AB}"
EndProject
Project("{E53339B2-1760-4266-BCC7-CA923CBCF16C}") = "docker-compose", "docker-compose.dcproj", "{CAEE5119-7E35-4F77-8047-9D81D1C1E89C}"
EndProject
Project("{2150E333-8FDC-42A3-9474-1A3956D46DE8}") = "Tests", "Tests", "{02F8B931-01FF-4A03-96CC-56EDDC9497B2}"
EndProject
Project("{9A19103F-16F7-4668-BE54-9A1E7A4F7556}") = "Character.API.UnitTests", "Tests\Character.API.UnitTests\Character.API.UnitTests.csproj", "{EC3E5F9A-A21A-4364-86C1-5660B111A49D}"
EndProject
Project("{2150E333-8FDC-42A3-9474-1A3956D46DE8}") = "Gateway", "Gateway", "{5F9D68DF-7072-4934-AC73-5759CC6479E0}"
EndProject
Project("{FAE04EC0-301F-11D3-BF4B-00C04F79EFBC}") = "Gateway.API", "Gateway\Gateway.API\Gateway.API.csproj", "{95DC3176-8CD6-410E-B600-4611A798EAC4}"
EndProject
Project("{2150E333-8FDC-42A3-9474-1A3956D46DE8}") = "Identity", "Identity", "{75AB3EDB-86CE-45C0-BC65-6C3EF7015FB4}"
EndProject
Project("{FAE04EC0-301F-11D3-BF4B-00C04F79EFBC}") = "Identity.API", "Services\Identity\Identity.API\Identity.API.csproj", "{CA6C7B8E-CB79-4D7E-AB7C-60E99184EC4E}"
EndProject
Project("{2150E333-8FDC-42A3-9474-1A3956D46DE8}") = "Communication", "Communication", "{B7B48F98-CA71-47EC-BB9F-7EF430456A24}"
EndProject
Project("{FAE04EC0-301F-11D3-BF4B-00C04F79EFBC}") = "Communication.API", "..\Communication.API\Communication.API.csproj", "{CAF4A2C9-E1F7-4BA5-964E-6C8952740949}"
EndProject
Global
	GlobalSection(SolutionConfigurationPlatforms) = preSolution
		Debug|Any CPU = Debug|Any CPU
		Release|Any CPU = Release|Any CPU
	EndGlobalSection
	GlobalSection(ProjectConfigurationPlatforms) = postSolution
		{C4E58A92-465C-4C89-A97F-FDDD277A1244}.Debug|Any CPU.ActiveCfg = Debug|Any CPU
		{C4E58A92-465C-4C89-A97F-FDDD277A1244}.Debug|Any CPU.Build.0 = Debug|Any CPU
		{C4E58A92-465C-4C89-A97F-FDDD277A1244}.Release|Any CPU.ActiveCfg = Release|Any CPU
		{C4E58A92-465C-4C89-A97F-FDDD277A1244}.Release|Any CPU.Build.0 = Release|Any CPU
		{3F56196E-50B9-4E97-ACD8-6BB30C8198F4}.Debug|Any CPU.ActiveCfg = Debug|Any CPU
		{3F56196E-50B9-4E97-ACD8-6BB30C8198F4}.Debug|Any CPU.Build.0 = Debug|Any CPU
		{3F56196E-50B9-4E97-ACD8-6BB30C8198F4}.Release|Any CPU.ActiveCfg = Release|Any CPU
		{3F56196E-50B9-4E97-ACD8-6BB30C8198F4}.Release|Any CPU.Build.0 = Release|Any CPU
		{C1F6BF4D-C701-4E4F-B221-6EF4687136AB}.Debug|Any CPU.ActiveCfg = Debug|Any CPU
		{C1F6BF4D-C701-4E4F-B221-6EF4687136AB}.Debug|Any CPU.Build.0 = Debug|Any CPU
		{C1F6BF4D-C701-4E4F-B221-6EF4687136AB}.Release|Any CPU.ActiveCfg = Release|Any CPU
		{C1F6BF4D-C701-4E4F-B221-6EF4687136AB}.Release|Any CPU.Build.0 = Release|Any CPU
		{CAEE5119-7E35-4F77-8047-9D81D1C1E89C}.Debug|Any CPU.ActiveCfg = Debug|Any CPU
		{CAEE5119-7E35-4F77-8047-9D81D1C1E89C}.Debug|Any CPU.Build.0 = Debug|Any CPU
		{CAEE5119-7E35-4F77-8047-9D81D1C1E89C}.Release|Any CPU.ActiveCfg = Release|Any CPU
		{CAEE5119-7E35-4F77-8047-9D81D1C1E89C}.Release|Any CPU.Build.0 = Release|Any CPU
		{EC3E5F9A-A21A-4364-86C1-5660B111A49D}.Debug|Any CPU.ActiveCfg = Debug|Any CPU
		{EC3E5F9A-A21A-4364-86C1-5660B111A49D}.Debug|Any CPU.Build.0 = Debug|Any CPU
		{EC3E5F9A-A21A-4364-86C1-5660B111A49D}.Release|Any CPU.ActiveCfg = Release|Any CPU
		{EC3E5F9A-A21A-4364-86C1-5660B111A49D}.Release|Any CPU.Build.0 = Release|Any CPU
		{95DC3176-8CD6-410E-B600-4611A798EAC4}.Debug|Any CPU.ActiveCfg = Debug|Any CPU
		{95DC3176-8CD6-410E-B600-4611A798EAC4}.Debug|Any CPU.Build.0 = Debug|Any CPU
		{95DC3176-8CD6-410E-B600-4611A798EAC4}.Release|Any CPU.ActiveCfg = Release|Any CPU
		{95DC3176-8CD6-410E-B600-4611A798EAC4}.Release|Any CPU.Build.0 = Release|Any CPU
		{CA6C7B8E-CB79-4D7E-AB7C-60E99184EC4E}.Debug|Any CPU.ActiveCfg = Debug|Any CPU
		{CA6C7B8E-CB79-4D7E-AB7C-60E99184EC4E}.Debug|Any CPU.Build.0 = Debug|Any CPU
		{CA6C7B8E-CB79-4D7E-AB7C-60E99184EC4E}.Release|Any CPU.ActiveCfg = Release|Any CPU
		{CA6C7B8E-CB79-4D7E-AB7C-60E99184EC4E}.Release|Any CPU.Build.0 = Release|Any CPU
		{CAF4A2C9-E1F7-4BA5-964E-6C8952740949}.Debug|Any CPU.ActiveCfg = Debug|Any CPU
		{CAF4A2C9-E1F7-4BA5-964E-6C8952740949}.Debug|Any CPU.Build.0 = Debug|Any CPU
		{CAF4A2C9-E1F7-4BA5-964E-6C8952740949}.Release|Any CPU.ActiveCfg = Release|Any CPU
		{CAF4A2C9-E1F7-4BA5-964E-6C8952740949}.Release|Any CPU.Build.0 = Release|Any CPU
	EndGlobalSection
	GlobalSection(SolutionProperties) = preSolution
		HideSolutionNode = FALSE
	EndGlobalSection
	GlobalSection(NestedProjects) = preSolution
		{28DA6C8E-4DFE-42B9-A2C9-9C8F89732050} = {5525B9FF-BEC7-448C-9E14-DE1429C03F23}
		{C4E58A92-465C-4C89-A97F-FDDD277A1244} = {28DA6C8E-4DFE-42B9-A2C9-9C8F89732050}
		{02EA681E-C7D8-13C7-8484-4AC65E1B71E8} = {5525B9FF-BEC7-448C-9E14-DE1429C03F23}
		{3F56196E-50B9-4E97-ACD8-6BB30C8198F4} = {02EA681E-C7D8-13C7-8484-4AC65E1B71E8}
		{C1F6BF4D-C701-4E4F-B221-6EF4687136AB} = {21BFED57-185D-4784-BA43-F43ADCECB64C}
		{EC3E5F9A-A21A-4364-86C1-5660B111A49D} = {02F8B931-01FF-4A03-96CC-56EDDC9497B2}
		{95DC3176-8CD6-410E-B600-4611A798EAC4} = {5F9D68DF-7072-4934-AC73-5759CC6479E0}
		{75AB3EDB-86CE-45C0-BC65-6C3EF7015FB4} = {5525B9FF-BEC7-448C-9E14-DE1429C03F23}
		{CA6C7B8E-CB79-4D7E-AB7C-60E99184EC4E} = {75AB3EDB-86CE-45C0-BC65-6C3EF7015FB4}
		{B7B48F98-CA71-47EC-BB9F-7EF430456A24} = {5525B9FF-BEC7-448C-9E14-DE1429C03F23}
		{CAF4A2C9-E1F7-4BA5-964E-6C8952740949} = {B7B48F98-CA71-47EC-BB9F-7EF430456A24}
	EndGlobalSection
	GlobalSection(ExtensibilityGlobals) = postSolution
		SolutionGuid = {639E37F2-AC59-4F4E-8E58-35A7EB18FA92}
	EndGlobalSection
EndGlobal
